
Microsoft Visual Studio Solution File, Format Version 12.00
# Visual Studio Version 16
VisualStudioVersion = 16.0.28803.452
MinimumVisualStudioVersion = 10.0.40219.1
Project("{9A19103F-16F7-4668-BE54-9A1E7A4F7556}") = "RpcUpdater", "RpcUpdater\RpcUpdater.csproj", "{11D4429E-3F19-4A5E-A964-4DBF6021815E}"
EndProject
Global
	GlobalSection(SolutionConfigurationPlatforms) = preSolution
		Debug|Any CPU = Debug|Any CPU
		Debug|x64 = Debug|x64
		Release|Any CPU = Release|Any CPU
		Release|x64 = Release|x64
	EndGlobalSection
	GlobalSection(ProjectConfigurationPlatforms) = postSolution
		{11D4429E-3F19-4A5E-A964-4DBF6021815E}.Debug|Any CPU.ActiveCfg = Debug|Any CPU
		{11D4429E-3F19-4A5E-A964-4DBF6021815E}.Debug|Any CPU.Build.0 = Debug|Any CPU
		{11D4429E-3F19-4A5E-A964-4DBF6021815E}.Debug|x64.ActiveCfg = Debug|x64
		{11D4429E-3F19-4A5E-A964-4DBF6021815E}.Debug|x64.Build.0 = Debug|x64
		{11D4429E-3F19-4A5E-A964-4DBF6021815E}.Release|Any CPU.ActiveCfg = Release|Any CPU
		{11D4429E-3F19-4A5E-A964-4DBF6021815E}.Release|Any CPU.Build.0 = Release|Any CPU
		{11D4429E-3F19-4A5E-A964-4DBF6021815E}.Release|x64.ActiveCfg = Release|x64
		{11D4429E-3F19-4A5E-A964-4DBF6021815E}.Release|x64.Build.0 = Release|x64
	EndGlobalSection
	GlobalSection(SolutionProperties) = preSolution
		HideSolutionNode = FALSE
	EndGlobalSection
	GlobalSection(ExtensibilityGlobals) = postSolution
		SolutionGuid = {149571AA-5745-429A-BB2E-BA88F4EFFA43}
	EndGlobalSection
EndGlobal
